
Microsoft Visual Studio Solution File, Format Version 12.00
# Visual Studio Version 17
VisualStudioVersion = 17.3.32922.545
MinimumVisualStudioVersion = 10.0.40219.1
Project("{9A19103F-16F7-4668-BE54-9A1E7A4F7556}") = "Codewars", "Codewars\Codewars.csproj", "{2AF7F1BA-072B-40DB-813A-59596508E613}"
EndProject
Project("{FAE04EC0-301F-11D3-BF4B-00C04F79EFBC}") = "CodewarsTests", "CodewarsTests\CodewarsTests.csproj", "{6FAE7694-5580-4CFF-8C01-F1273BAB5787}"
EndProject
Global
	GlobalSection(SolutionConfigurationPlatforms) = preSolution
		Debug|Any CPU = Debug|Any CPU
		Release|Any CPU = Release|Any CPU
	EndGlobalSection
	GlobalSection(ProjectConfigurationPlatforms) = postSolution
		{2AF7F1BA-072B-40DB-813A-59596508E613}.Debug|Any CPU.ActiveCfg = Debug|Any CPU
		{2AF7F1BA-072B-40DB-813A-59596508E613}.Debug|Any CPU.Build.0 = Debug|Any CPU
		{2AF7F1BA-072B-40DB-813A-59596508E613}.Release|Any CPU.ActiveCfg = Release|Any CPU
		{2AF7F1BA-072B-40DB-813A-59596508E613}.Release|Any CPU.Build.0 = Release|Any CPU
		{6FAE7694-5580-4CFF-8C01-F1273BAB5787}.Debug|Any CPU.ActiveCfg = Debug|Any CPU
		{6FAE7694-5580-4CFF-8C01-F1273BAB5787}.Debug|Any CPU.Build.0 = Debug|Any CPU
		{6FAE7694-5580-4CFF-8C01-F1273BAB5787}.Release|Any CPU.ActiveCfg = Release|Any CPU
		{6FAE7694-5580-4CFF-8C01-F1273BAB5787}.Release|Any CPU.Build.0 = Release|Any CPU
	EndGlobalSection
	GlobalSection(SolutionProperties) = preSolution
		HideSolutionNode = FALSE
	EndGlobalSection
	GlobalSection(ExtensibilityGlobals) = postSolution
		SolutionGuid = {23152CF2-1F9F-4819-8156-3A8261917791}
	EndGlobalSection
EndGlobal
